
Microsoft Visual Studio Solution File, Format Version 12.00
# Visual Studio 15
VisualStudioVersion = 15.0.27703.2000
MinimumVisualStudioVersion = 10.0.40219.1
Project("{FAE04EC0-301F-11D3-BF4B-00C04F79EFBC}") = "RandomYoutubeVideoSelector", "RandomYoutubeVideoSelector\RandomYoutubeVideoSelector.csproj", "{5A82CDC7-5916-479D-BEE7-5EAA86AAEE30}"
EndProject
Global
	GlobalSection(SolutionConfigurationPlatforms) = preSolution
		Debug|Any CPU = Debug|Any CPU
		Release|Any CPU = Release|Any CPU
	EndGlobalSection
	GlobalSection(ProjectConfigurationPlatforms) = postSolution
		{5A82CDC7-5916-479D-BEE7-5EAA86AAEE30}.Debug|Any CPU.ActiveCfg = Debug|Any CPU
		{5A82CDC7-5916-479D-BEE7-5EAA86AAEE30}.Debug|Any CPU.Build.0 = Debug|Any CPU
		{5A82CDC7-5916-479D-BEE7-5EAA86AAEE30}.Release|Any CPU.ActiveCfg = Release|Any CPU
		{5A82CDC7-5916-479D-BEE7-5EAA86AAEE30}.Release|Any CPU.Build.0 = Release|Any CPU
	EndGlobalSection
	GlobalSection(SolutionProperties) = preSolution
		HideSolutionNode = FALSE
	EndGlobalSection
	GlobalSection(ExtensibilityGlobals) = postSolution
		SolutionGuid = {3097246B-40D6-48CE-82B1-BAB880506ED8}
	EndGlobalSection
EndGlobal
